{
  "object": {
    "pins": [
      {
        "package": "BigInt",
        "repositoryURL": "https://github.com/attaswift/BigInt.git",
        "state": {
          "branch": null,
          "revision": "889a1ecacd73ccc189c5cb29288048f186c44ed9",
          "version": "5.2.1"
        }
      },
      {
        "package": "BIP39swift",
        "repositoryURL": "https://github.com/mathwallet/BIP39swift",
        "state": {
          "branch": null,
          "revision": "c7dce08f67bb779f9a188e96bbecbf0cd80427d8",
          "version": "1.0.0"
        }
      },
      {
        "package": "Blake2",
        "repositoryURL": "https://github.com/tesseract-one/Blake2.swift.git",
        "state": {
          "branch": null,
          "revision": "106f68231100021e1f745779e241f81a065ad0de",
          "version": "0.1.2"
        }
      },
      {
        "package": "CryptoSwift",
        "repositoryURL": "https://github.com/krzyzanowskim/CryptoSwift.git",
        "state": {
          "branch": null,
          "revision": "8d4f6384e0a8cc41f2005247241dd553963a492a",
          "version": "1.4.1"
        }
      },
      {
        "package": "Secp256k1Swift",
        "repositoryURL": "https://github.com/mathwallet/Secp256k1Swift",
        "state": {
          "branch": null,
          "revision": "318da87a951ba585a3b82a3c757e2f2ee0f8b9b7",
          "version": "1.2.6"
        }
      },
      {
        "package": "Sr25519",
        "repositoryURL": "https://github.com/lishuailibertine/Sr25519.swift.git",
        "state": {
          "branch": null,
          "revision": "19fee78b9834d197beb26dcba607f5be193531d7",
          "version": "0.1.7"
        }
      },
      {
        "package": "swift-scale-codec",
        "repositoryURL": "https://github.com/tesseract-one/swift-scale-codec.git",
        "state": {
          "branch": null,
          "revision": "bd39b2d68d87126a61b62a071ee4c065e2a1fe30",
          "version": "0.2.1"
        }
      },
      {
        "package": "UncommonCrypto",
        "repositoryURL": "https://github.com/lishuailibertine/UncommonCrypto.swift",
        "state": {
          "branch": null,
          "revision": "db2fae114255fd17ae7bf46dff3a7997af98b626",
          "version": "0.1.4"
        }
      },
      {
        "package": "xxHash-Swift",
        "repositoryURL": "https://github.com/lishuailibertine/xxHash-Swift.git",
        "state": {
          "branch": null,
          "revision": "a0325608a0d8f0c76fae0a969c3beaef4caeb5d0",
          "version": "1.1.1"
        }
      }
    ]
  },
  "version": 1
}
